
Microsoft Visual Studio Solution File, Format Version 12.00
# Visual Studio Version 16
VisualStudioVersion = 16.0.29209.62
MinimumVisualStudioVersion = 10.0.40219.1
Project("{FAE04EC0-301F-11D3-BF4B-00C04F79EFBC}") = "ProjExWCF", "ProjExWCF\ProjExWCF.csproj", "{0445E073-5BC1-4A59-B747-0CE562F19FD9}"
EndProject
Project("{FAE04EC0-301F-11D3-BF4B-00C04F79EFBC}") = "AcessoDados", "AcessoDados\AcessoDados.csproj", "{4E73F14B-4133-4BF1-B63A-D472992997E9}"
EndProject
Project("{FAE04EC0-301F-11D3-BF4B-00C04F79EFBC}") = "Entidade", "Entidade\Entidade.csproj", "{FCB77139-7838-4E79-AF1E-1F9C70CE1766}"
EndProject
Project("{FAE04EC0-301F-11D3-BF4B-00C04F79EFBC}") = "Negocio", "Negocio\Negocio.csproj", "{D4FF189B-91E8-440E-B5BC-9157C0019919}"
EndProject
Project("{FAE04EC0-301F-11D3-BF4B-00C04F79EFBC}") = "ServicoHostWCF", "ServicoHostWCF\ServicoHostWCF.csproj", "{A3374BF3-6902-440B-8341-A12601C042E1}"
EndProject
Global
	GlobalSection(SolutionConfigurationPlatforms) = preSolution
		Debug|Any CPU = Debug|Any CPU
		Release|Any CPU = Release|Any CPU
	EndGlobalSection
	GlobalSection(ProjectConfigurationPlatforms) = postSolution
		{0445E073-5BC1-4A59-B747-0CE562F19FD9}.Debug|Any CPU.ActiveCfg = Debug|Any CPU
		{0445E073-5BC1-4A59-B747-0CE562F19FD9}.Debug|Any CPU.Build.0 = Debug|Any CPU
		{0445E073-5BC1-4A59-B747-0CE562F19FD9}.Release|Any CPU.ActiveCfg = Release|Any CPU
		{0445E073-5BC1-4A59-B747-0CE562F19FD9}.Release|Any CPU.Build.0 = Release|Any CPU
		{4E73F14B-4133-4BF1-B63A-D472992997E9}.Debug|Any CPU.ActiveCfg = Debug|Any CPU
		{4E73F14B-4133-4BF1-B63A-D472992997E9}.Debug|Any CPU.Build.0 = Debug|Any CPU
		{4E73F14B-4133-4BF1-B63A-D472992997E9}.Release|Any CPU.ActiveCfg = Release|Any CPU
		{4E73F14B-4133-4BF1-B63A-D472992997E9}.Release|Any CPU.Build.0 = Release|Any CPU
		{FCB77139-7838-4E79-AF1E-1F9C70CE1766}.Debug|Any CPU.ActiveCfg = Debug|Any CPU
		{FCB77139-7838-4E79-AF1E-1F9C70CE1766}.Debug|Any CPU.Build.0 = Debug|Any CPU
		{FCB77139-7838-4E79-AF1E-1F9C70CE1766}.Release|Any CPU.ActiveCfg = Release|Any CPU
		{FCB77139-7838-4E79-AF1E-1F9C70CE1766}.Release|Any CPU.Build.0 = Release|Any CPU
		{D4FF189B-91E8-440E-B5BC-9157C0019919}.Debug|Any CPU.ActiveCfg = Debug|Any CPU
		{D4FF189B-91E8-440E-B5BC-9157C0019919}.Debug|Any CPU.Build.0 = Debug|Any CPU
		{D4FF189B-91E8-440E-B5BC-9157C0019919}.Release|Any CPU.ActiveCfg = Release|Any CPU
		{D4FF189B-91E8-440E-B5BC-9157C0019919}.Release|Any CPU.Build.0 = Release|Any CPU
		{A3374BF3-6902-440B-8341-A12601C042E1}.Debug|Any CPU.ActiveCfg = Debug|Any CPU
		{A3374BF3-6902-440B-8341-A12601C042E1}.Debug|Any CPU.Build.0 = Debug|Any CPU
		{A3374BF3-6902-440B-8341-A12601C042E1}.Release|Any CPU.ActiveCfg = Release|Any CPU
		{A3374BF3-6902-440B-8341-A12601C042E1}.Release|Any CPU.Build.0 = Release|Any CPU
	EndGlobalSection
	GlobalSection(SolutionProperties) = preSolution
		HideSolutionNode = FALSE
	EndGlobalSection
	GlobalSection(ExtensibilityGlobals) = postSolution
		SolutionGuid = {9CE90D32-8252-4981-93EA-75401F4E3EF0}
	EndGlobalSection
EndGlobal
